
Microsoft Visual Studio Solution File, Format Version 12.00
# Visual Studio 2013
VisualStudioVersion = 12.0.31101.0
MinimumVisualStudioVersion = 10.0.40219.1
Project("{FAE04EC0-301F-11D3-BF4B-00C04F79EFBC}") = "FileWatcherSpike", "FileWatcherSpike\FileWatcherSpike.csproj", "{DE46159F-63BB-4019-BA75-09DFAFD234FB}"
EndProject
Project("{2150E333-8FDC-42A3-9474-1A3956D46DE8}") = ".nuget", ".nuget", "{B81159A0-108C-41EA-BB9A-1E076BE2A6D6}"
	ProjectSection(SolutionItems) = preProject
		.nuget\packages.config = .nuget\packages.config
	EndProjectSection
EndProject
Global
	GlobalSection(SolutionConfigurationPlatforms) = preSolution
		Debug|Any CPU = Debug|Any CPU
		Release|Any CPU = Release|Any CPU
	EndGlobalSection
	GlobalSection(ProjectConfigurationPlatforms) = postSolution
		{DE46159F-63BB-4019-BA75-09DFAFD234FB}.Debug|Any CPU.ActiveCfg = Debug|Any CPU
		{DE46159F-63BB-4019-BA75-09DFAFD234FB}.Debug|Any CPU.Build.0 = Debug|Any CPU
		{DE46159F-63BB-4019-BA75-09DFAFD234FB}.Release|Any CPU.ActiveCfg = Release|Any CPU
		{DE46159F-63BB-4019-BA75-09DFAFD234FB}.Release|Any CPU.Build.0 = Release|Any CPU
	EndGlobalSection
	GlobalSection(SolutionProperties) = preSolution
		HideSolutionNode = FALSE
	EndGlobalSection
EndGlobal
